
Microsoft Visual Studio Solution File, Format Version 12.00
# Visual Studio Version 16
VisualStudioVersion = 16.0.31624.102
MinimumVisualStudioVersion = 10.0.40219.1
Project("{FAE04EC0-301F-11D3-BF4B-00C04F79EFBC}") = "StuckInATimeloop", "StuckInATimeloop\StuckInATimeloop.csproj", "{6B19863E-A895-4772-BFC6-A8DB8EC0E769}"
EndProject
Global
	GlobalSection(SolutionConfigurationPlatforms) = preSolution
		Debug|Any CPU = Debug|Any CPU
		Release|Any CPU = Release|Any CPU
	EndGlobalSection
	GlobalSection(ProjectConfigurationPlatforms) = postSolution
		{6B19863E-A895-4772-BFC6-A8DB8EC0E769}.Debug|Any CPU.ActiveCfg = Debug|Any CPU
		{6B19863E-A895-4772-BFC6-A8DB8EC0E769}.Debug|Any CPU.Build.0 = Debug|Any CPU
		{6B19863E-A895-4772-BFC6-A8DB8EC0E769}.Release|Any CPU.ActiveCfg = Release|Any CPU
		{6B19863E-A895-4772-BFC6-A8DB8EC0E769}.Release|Any CPU.Build.0 = Release|Any CPU
	EndGlobalSection
	GlobalSection(SolutionProperties) = preSolution
		HideSolutionNode = FALSE
	EndGlobalSection
	GlobalSection(ExtensibilityGlobals) = postSolution
		SolutionGuid = {6EF8F102-885A-4AB6-B201-E34CD70A1B32}
	EndGlobalSection
EndGlobal
